
Microsoft Visual Studio Solution File, Format Version 12.00
# Visual Studio Version 17
VisualStudioVersion = 17.0.31903.59
MinimumVisualStudioVersion = 10.0.40219.1
Project("{FAE04EC0-301F-11D3-BF4B-00C04F79EFBC}") = "day1", "day1\day1.csproj", "{C7E80E62-457B-4BD5-AD2B-CC550FA8DE31}"
EndProject
Project("{FAE04EC0-301F-11D3-BF4B-00C04F79EFBC}") = "day2", "day2\day2.csproj", "{6B507361-9980-4B90-AB64-AF1B2E64B5D9}"
EndProject
Project("{FAE04EC0-301F-11D3-BF4B-00C04F79EFBC}") = "day3", "day3\day3.csproj", "{162A6A65-6700-4739-A9BF-F4D64457C2C2}"
EndProject
Project("{FAE04EC0-301F-11D3-BF4B-00C04F79EFBC}") = "day4", "day4\day4.csproj", "{1D6276F3-33E6-40E1-B8AA-CCDDAEB9D29D}"
EndProject
Project("{FAE04EC0-301F-11D3-BF4B-00C04F79EFBC}") = "day5", "day5\day5.csproj", "{DC225AE0-7789-4C10-83B5-07567D2FA589}"
EndProject
Project("{FAE04EC0-301F-11D3-BF4B-00C04F79EFBC}") = "day6", "day6\day6.csproj", "{2372AA17-04F8-45EA-AF29-150C8125756A}"
EndProject
Project("{FAE04EC0-301F-11D3-BF4B-00C04F79EFBC}") = "day7", "day7\day7.csproj", "{92EB9958-8B41-4FD7-A373-6CE4330105BC}"
EndProject
Project("{FAE04EC0-301F-11D3-BF4B-00C04F79EFBC}") = "day8", "day8\day8.csproj", "{06B2983F-353A-4C4B-9FBA-55DA8DE2171D}"
EndProject
Project("{FAE04EC0-301F-11D3-BF4B-00C04F79EFBC}") = "day9", "day9\day9.csproj", "{FBCFAC5F-EE8C-437C-B97D-6D454D09D3A2}"
EndProject
Global
	GlobalSection(SolutionConfigurationPlatforms) = preSolution
		Debug|Any CPU = Debug|Any CPU
		Release|Any CPU = Release|Any CPU
	EndGlobalSection
	GlobalSection(SolutionProperties) = preSolution
		HideSolutionNode = FALSE
	EndGlobalSection
	GlobalSection(ProjectConfigurationPlatforms) = postSolution
		{C7E80E62-457B-4BD5-AD2B-CC550FA8DE31}.Debug|Any CPU.ActiveCfg = Debug|Any CPU
		{C7E80E62-457B-4BD5-AD2B-CC550FA8DE31}.Debug|Any CPU.Build.0 = Debug|Any CPU
		{C7E80E62-457B-4BD5-AD2B-CC550FA8DE31}.Release|Any CPU.ActiveCfg = Release|Any CPU
		{C7E80E62-457B-4BD5-AD2B-CC550FA8DE31}.Release|Any CPU.Build.0 = Release|Any CPU
		{6B507361-9980-4B90-AB64-AF1B2E64B5D9}.Debug|Any CPU.ActiveCfg = Debug|Any CPU
		{6B507361-9980-4B90-AB64-AF1B2E64B5D9}.Debug|Any CPU.Build.0 = Debug|Any CPU
		{6B507361-9980-4B90-AB64-AF1B2E64B5D9}.Release|Any CPU.ActiveCfg = Release|Any CPU
		{6B507361-9980-4B90-AB64-AF1B2E64B5D9}.Release|Any CPU.Build.0 = Release|Any CPU
		{162A6A65-6700-4739-A9BF-F4D64457C2C2}.Debug|Any CPU.ActiveCfg = Debug|Any CPU
		{162A6A65-6700-4739-A9BF-F4D64457C2C2}.Debug|Any CPU.Build.0 = Debug|Any CPU
		{162A6A65-6700-4739-A9BF-F4D64457C2C2}.Release|Any CPU.ActiveCfg = Release|Any CPU
		{162A6A65-6700-4739-A9BF-F4D64457C2C2}.Release|Any CPU.Build.0 = Release|Any CPU
		{1D6276F3-33E6-40E1-B8AA-CCDDAEB9D29D}.Debug|Any CPU.ActiveCfg = Debug|Any CPU
		{1D6276F3-33E6-40E1-B8AA-CCDDAEB9D29D}.Debug|Any CPU.Build.0 = Debug|Any CPU
		{1D6276F3-33E6-40E1-B8AA-CCDDAEB9D29D}.Release|Any CPU.ActiveCfg = Release|Any CPU
		{1D6276F3-33E6-40E1-B8AA-CCDDAEB9D29D}.Release|Any CPU.Build.0 = Release|Any CPU
		{DC225AE0-7789-4C10-83B5-07567D2FA589}.Debug|Any CPU.ActiveCfg = Debug|Any CPU
		{DC225AE0-7789-4C10-83B5-07567D2FA589}.Debug|Any CPU.Build.0 = Debug|Any CPU
		{DC225AE0-7789-4C10-83B5-07567D2FA589}.Release|Any CPU.ActiveCfg = Release|Any CPU
		{DC225AE0-7789-4C10-83B5-07567D2FA589}.Release|Any CPU.Build.0 = Release|Any CPU
		{2372AA17-04F8-45EA-AF29-150C8125756A}.Debug|Any CPU.ActiveCfg = Debug|Any CPU
		{2372AA17-04F8-45EA-AF29-150C8125756A}.Debug|Any CPU.Build.0 = Debug|Any CPU
		{2372AA17-04F8-45EA-AF29-150C8125756A}.Release|Any CPU.ActiveCfg = Release|Any CPU
		{2372AA17-04F8-45EA-AF29-150C8125756A}.Release|Any CPU.Build.0 = Release|Any CPU
		{92EB9958-8B41-4FD7-A373-6CE4330105BC}.Debug|Any CPU.ActiveCfg = Debug|Any CPU
		{92EB9958-8B41-4FD7-A373-6CE4330105BC}.Debug|Any CPU.Build.0 = Debug|Any CPU
		{92EB9958-8B41-4FD7-A373-6CE4330105BC}.Release|Any CPU.ActiveCfg = Release|Any CPU
		{92EB9958-8B41-4FD7-A373-6CE4330105BC}.Release|Any CPU.Build.0 = Release|Any CPU
		{06B2983F-353A-4C4B-9FBA-55DA8DE2171D}.Debug|Any CPU.ActiveCfg = Debug|Any CPU
		{06B2983F-353A-4C4B-9FBA-55DA8DE2171D}.Debug|Any CPU.Build.0 = Debug|Any CPU
		{06B2983F-353A-4C4B-9FBA-55DA8DE2171D}.Release|Any CPU.ActiveCfg = Release|Any CPU
		{06B2983F-353A-4C4B-9FBA-55DA8DE2171D}.Release|Any CPU.Build.0 = Release|Any CPU
		{FBCFAC5F-EE8C-437C-B97D-6D454D09D3A2}.Debug|Any CPU.ActiveCfg = Debug|Any CPU
		{FBCFAC5F-EE8C-437C-B97D-6D454D09D3A2}.Debug|Any CPU.Build.0 = Debug|Any CPU
		{FBCFAC5F-EE8C-437C-B97D-6D454D09D3A2}.Release|Any CPU.ActiveCfg = Release|Any CPU
		{FBCFAC5F-EE8C-437C-B97D-6D454D09D3A2}.Release|Any CPU.Build.0 = Release|Any CPU
	EndGlobalSection
EndGlobal
